
Microsoft Visual Studio Solution File, Format Version 12.00
# Visual Studio Version 17
VisualStudioVersion = 17.9.34622.214
MinimumVisualStudioVersion = 10.0.40219.1
Project("{FAE04EC0-301F-11D3-BF4B-00C04F79EFBC}") = "BloggingPlatform.Api", "BloggingPlatform.Api\BloggingPlatform.Api.csproj", "{D95F6AB1-7C2E-4E50-9A8A-3FA90B93854F}"
EndProject
Project("{FAE04EC0-301F-11D3-BF4B-00C04F79EFBC}") = "BloggingPlatform.Data", "BloggingPlatform.Data\BloggingPlatform.Data.csproj", "{2CADEC54-BD6F-490B-95E7-2284B28C8B03}"
EndProject
Project("{FAE04EC0-301F-11D3-BF4B-00C04F79EFBC}") = "BloggingPlatform.Repository", "BloggingPlatform.Repository\BloggingPlatform.Repository.csproj", "{27E67D62-8A80-41AA-8D76-09483234C891}"
EndProject
Project("{FAE04EC0-301F-11D3-BF4B-00C04F79EFBC}") = "BloggingPlatform.Service", "BloggingPlatform.Service\BloggingPlatform.Service.csproj", "{7CF67DB1-6287-4D0D-A9AF-0E7F33C25C0B}"
EndProject
Global
	GlobalSection(SolutionConfigurationPlatforms) = preSolution
		Debug|Any CPU = Debug|Any CPU
		Release|Any CPU = Release|Any CPU
	EndGlobalSection
	GlobalSection(ProjectConfigurationPlatforms) = postSolution
		{D95F6AB1-7C2E-4E50-9A8A-3FA90B93854F}.Debug|Any CPU.ActiveCfg = Debug|Any CPU
		{D95F6AB1-7C2E-4E50-9A8A-3FA90B93854F}.Debug|Any CPU.Build.0 = Debug|Any CPU
		{D95F6AB1-7C2E-4E50-9A8A-3FA90B93854F}.Release|Any CPU.ActiveCfg = Release|Any CPU
		{D95F6AB1-7C2E-4E50-9A8A-3FA90B93854F}.Release|Any CPU.Build.0 = Release|Any CPU
		{2CADEC54-BD6F-490B-95E7-2284B28C8B03}.Debug|Any CPU.ActiveCfg = Debug|Any CPU
		{2CADEC54-BD6F-490B-95E7-2284B28C8B03}.Debug|Any CPU.Build.0 = Debug|Any CPU
		{2CADEC54-BD6F-490B-95E7-2284B28C8B03}.Release|Any CPU.ActiveCfg = Release|Any CPU
		{2CADEC54-BD6F-490B-95E7-2284B28C8B03}.Release|Any CPU.Build.0 = Release|Any CPU
		{27E67D62-8A80-41AA-8D76-09483234C891}.Debug|Any CPU.ActiveCfg = Debug|Any CPU
		{27E67D62-8A80-41AA-8D76-09483234C891}.Debug|Any CPU.Build.0 = Debug|Any CPU
		{27E67D62-8A80-41AA-8D76-09483234C891}.Release|Any CPU.ActiveCfg = Release|Any CPU
		{27E67D62-8A80-41AA-8D76-09483234C891}.Release|Any CPU.Build.0 = Release|Any CPU
		{7CF67DB1-6287-4D0D-A9AF-0E7F33C25C0B}.Debug|Any CPU.ActiveCfg = Debug|Any CPU
		{7CF67DB1-6287-4D0D-A9AF-0E7F33C25C0B}.Debug|Any CPU.Build.0 = Debug|Any CPU
		{7CF67DB1-6287-4D0D-A9AF-0E7F33C25C0B}.Release|Any CPU.ActiveCfg = Release|Any CPU
		{7CF67DB1-6287-4D0D-A9AF-0E7F33C25C0B}.Release|Any CPU.Build.0 = Release|Any CPU
	EndGlobalSection
	GlobalSection(SolutionProperties) = preSolution
		HideSolutionNode = FALSE
	EndGlobalSection
	GlobalSection(ExtensibilityGlobals) = postSolution
		SolutionGuid = {9DCE5ACD-8F81-4340-AC34-88BAFF71925E}
	EndGlobalSection
EndGlobal
